Microsoft Visual Studio Solution File, Format Version 12.00
# Visual Studio 2012
Project("{FAE04EC0-301F-11D3-BF4B-00C04F79EFBC}") = "The Goblin Exam", "The Goblin Exam.csproj", "{CF8104A7-C2FA-4656-AEBE-9127FF9606D2}"
EndProject
Global
	GlobalSection(SolutionConfigurationPlatforms) = preSolution
	Debug|Any CPU = Debug|Any CPU
	ExportDebug|Any CPU = ExportDebug|Any CPU
	ExportRelease|Any CPU = ExportRelease|Any CPU
	EndGlobalSection
	GlobalSection(ProjectConfigurationPlatforms) = postSolution
		{CF8104A7-C2FA-4656-AEBE-9127FF9606D2}.Debug|Any CPU.ActiveCfg = Debug|Any CPU
		{CF8104A7-C2FA-4656-AEBE-9127FF9606D2}.Debug|Any CPU.Build.0 = Debug|Any CPU
		{CF8104A7-C2FA-4656-AEBE-9127FF9606D2}.ExportDebug|Any CPU.ActiveCfg = ExportDebug|Any CPU
		{CF8104A7-C2FA-4656-AEBE-9127FF9606D2}.ExportDebug|Any CPU.Build.0 = ExportDebug|Any CPU
		{CF8104A7-C2FA-4656-AEBE-9127FF9606D2}.ExportRelease|Any CPU.ActiveCfg = ExportRelease|Any CPU
		{CF8104A7-C2FA-4656-AEBE-9127FF9606D2}.ExportRelease|Any CPU.Build.0 = ExportRelease|Any CPU
	EndGlobalSection
EndGlobal
